
Microsoft Visual Studio Solution File, Format Version 12.00
# Visual Studio Version 16
VisualStudioVersion = 16.0.30621.155
MinimumVisualStudioVersion = 10.0.40219.1
Project("{FAE04EC0-301F-11D3-BF4B-00C04F79EFBC}") = "Cms_EntityLayer", "Cms_EntityLayer\Cms_EntityLayer.csproj", "{D0CF424F-13DD-4E8D-AEF8-1940F5E8CE77}"
EndProject
Project("{FAE04EC0-301F-11D3-BF4B-00C04F79EFBC}") = "CMS_MapLayer", "CMS_MapLayer\CMS_MapLayer.csproj", "{74269DCD-CFEB-49A8-B99B-FA5BB2FA309C}"
EndProject
Project("{FAE04EC0-301F-11D3-BF4B-00C04F79EFBC}") = "CMS_DataLayer", "CMS_DataLayer\CMS_DataLayer.csproj", "{208A17A3-BC48-45EA-98E1-6CB804831286}"
EndProject
Global
	GlobalSection(SolutionConfigurationPlatforms) = preSolution
		Debug|Any CPU = Debug|Any CPU
		Release|Any CPU = Release|Any CPU
	EndGlobalSection
	GlobalSection(ProjectConfigurationPlatforms) = postSolution
		{D0CF424F-13DD-4E8D-AEF8-1940F5E8CE77}.Debug|Any CPU.ActiveCfg = Debug|Any CPU
		{D0CF424F-13DD-4E8D-AEF8-1940F5E8CE77}.Debug|Any CPU.Build.0 = Debug|Any CPU
		{D0CF424F-13DD-4E8D-AEF8-1940F5E8CE77}.Release|Any CPU.ActiveCfg = Release|Any CPU
		{D0CF424F-13DD-4E8D-AEF8-1940F5E8CE77}.Release|Any CPU.Build.0 = Release|Any CPU
		{74269DCD-CFEB-49A8-B99B-FA5BB2FA309C}.Debug|Any CPU.ActiveCfg = Debug|Any CPU
		{74269DCD-CFEB-49A8-B99B-FA5BB2FA309C}.Debug|Any CPU.Build.0 = Debug|Any CPU
		{74269DCD-CFEB-49A8-B99B-FA5BB2FA309C}.Release|Any CPU.ActiveCfg = Release|Any CPU
		{74269DCD-CFEB-49A8-B99B-FA5BB2FA309C}.Release|Any CPU.Build.0 = Release|Any CPU
		{208A17A3-BC48-45EA-98E1-6CB804831286}.Debug|Any CPU.ActiveCfg = Debug|Any CPU
		{208A17A3-BC48-45EA-98E1-6CB804831286}.Debug|Any CPU.Build.0 = Debug|Any CPU
		{208A17A3-BC48-45EA-98E1-6CB804831286}.Release|Any CPU.ActiveCfg = Release|Any CPU
		{208A17A3-BC48-45EA-98E1-6CB804831286}.Release|Any CPU.Build.0 = Release|Any CPU
	EndGlobalSection
	GlobalSection(SolutionProperties) = preSolution
		HideSolutionNode = FALSE
	EndGlobalSection
	GlobalSection(ExtensibilityGlobals) = postSolution
		SolutionGuid = {7D9060F6-8357-4753-B7F7-B3393537BC1A}
	EndGlobalSection
EndGlobal
